<?xml version="1.0" encoding="utf-8"?>
<Project ToolsVersion="4.0" xmlns="http://schemas.microsoft.com/developer/msbuild/2003">
  <ItemGroup>
    <Filter Include="Source Files">
      <UniqueIdentifier>{6578bd8b-fb7a-45d4-b5fa-ef921b7d2991}</UniqueIdentifier>
    </Filter>
  </ItemGroup>
  <ItemGroup>
    <ClCompile Include="mm.c">
      <Filter>Source Files</Filter>
    </ClCompile>
  </ItemGroup>
</Project>